
Microsoft Visual Studio Solution File, Format Version 12.00
# Visual Studio Version 16
VisualStudioVersion = 16.0.33927.289
MinimumVisualStudioVersion = 10.0.40219.1
Project("{2150E333-8FDC-42A3-9474-1A3956D46DE8}") = "Task4", "Task4", "{D74730FF-5B07-4F58-BF48-75B7983C977B}"
EndProject
Project("{FAE04EC0-301F-11D3-BF4B-00C04F79EFBC}") = "Tyuiu.GutsuAV.Sprint4.Task4.V20", "Tyuiu.GutsuAV.Sprint4.Task4.V20\Tyuiu.GutsuAV.Sprint4.Task4.V20.csproj", "{B9C06F22-C23B-4E74-AFBA-62D1E4E64088}"
EndProject
Project("{FAE04EC0-301F-11D3-BF4B-00C04F79EFBC}") = "Tyuiu.GutsuAV.Sprint4.Task4.V20.Lib", "Tyuiu.GutsuAV.Sprint4.Task4.V20.Lib\Tyuiu.GutsuAV.Sprint4.Task4.V20.Lib.csproj", "{E02F84F9-B170-4764-9DA0-A4C3978007D1}"
EndProject
Project("{FAE04EC0-301F-11D3-BF4B-00C04F79EFBC}") = "Tyuiu.GutsuAV.Sprint4.Task4.V20.Test", "Tyuiu.GutsuAV.Sprint4.Task4.V20.Test\Tyuiu.GutsuAV.Sprint4.Task4.V20.Test.csproj", "{E5C1867E-993E-4D18-9BD0-E3BE36399FA9}"
EndProject
Project("{2150E333-8FDC-42A3-9474-1A3956D46DE8}") = "Task5", "Task5", "{44A9B595-921C-427E-84DB-09E89227BB22}"
EndProject
Project("{FAE04EC0-301F-11D3-BF4B-00C04F79EFBC}") = "Tyuiu.GutsuAV.Sprint4.Task5.V1", "Tyuiu.GutsuAV.Sprint4.Task5.V1\Tyuiu.GutsuAV.Sprint4.Task5.V1.csproj", "{025F1C67-5769-4A95-87B8-D077A62DECCC}"
EndProject
Project("{FAE04EC0-301F-11D3-BF4B-00C04F79EFBC}") = "Tyuiu.GutsuAV.Sprint4.Task5.V1.Lib", "Tyuiu.GutsuAV.Sprint4.Task5.V1.Lib\Tyuiu.GutsuAV.Sprint4.Task5.V1.Lib.csproj", "{44DA35EB-7E57-471F-8602-BDD3C28D29B8}"
EndProject
Project("{FAE04EC0-301F-11D3-BF4B-00C04F79EFBC}") = "Tyuiu.GutsuAV.Sprint4.Task5.V1.Test1", "Tyuiu.GutsuAV.Sprint4.Task5.V1.Test1\Tyuiu.GutsuAV.Sprint4.Task5.V1.Test1.csproj", "{4674CC70-2FBB-46C9-AB7C-9575DA673687}"
EndProject
Project("{2150E333-8FDC-42A3-9474-1A3956D46DE8}") = "Task6", "Task6", "{828DB4C5-38B3-49A4-A834-395CDCE19916}"
EndProject
Project("{FAE04EC0-301F-11D3-BF4B-00C04F79EFBC}") = "Tyuiu.GutsuAV.Sprint4.Task6.V28", "Tyuiu.GutsuAV.Sprint4.Task6.V28\Tyuiu.GutsuAV.Sprint4.Task6.V28.csproj", "{E523D0D9-737F-4162-9760-8D8D7A3784FE}"
EndProject
Project("{FAE04EC0-301F-11D3-BF4B-00C04F79EFBC}") = "Tyuiu.GutsuAV.Sprint4.Task6.V28.Lib", "Tyuiu.GutsuAV.Sprint4.Task6.V28.Lib\Tyuiu.GutsuAV.Sprint4.Task6.V28.Lib.csproj", "{7435C407-1CA5-4B94-8169-99923BE6E5C8}"
EndProject
Project("{FAE04EC0-301F-11D3-BF4B-00C04F79EFBC}") = "Tyuiu.GutsuAV.Sprint4.Task6.V28.Test", "Tyuiu.GutsuAV.Sprint4.Task6.V28.Test\Tyuiu.GutsuAV.Sprint4.Task6.V28.Test.csproj", "{6EE3A764-20BB-41B0-A6E3-EDAD82296248}"
EndProject
Project("{2150E333-8FDC-42A3-9474-1A3956D46DE8}") = "Task7", "Task7", "{43408DB3-1C24-4852-A626-2FC1B8F2B20D}"
EndProject
Project("{FAE04EC0-301F-11D3-BF4B-00C04F79EFBC}") = "Tyuiu.GutsuAV.Sprint4.Task7.V13", "Tyuiu.GutsuAV.Sprint4.Task7.V13\Tyuiu.GutsuAV.Sprint4.Task7.V13.csproj", "{94FD4FAA-8A26-4080-9215-3A742948B7D1}"
EndProject
Project("{FAE04EC0-301F-11D3-BF4B-00C04F79EFBC}") = "Tyuiu.GutsuAV.Sprint4.Task7.V13.Lib", "Tyuiu.GutsuAV.Sprint4.Task7.V13.Lib\Tyuiu.GutsuAV.Sprint4.Task7.V13.Lib.csproj", "{F7A719B7-39D9-43F7-93F5-F357F38DC773}"
EndProject
Project("{FAE04EC0-301F-11D3-BF4B-00C04F79EFBC}") = "Tyuiu.GutsuAV.Sprint4.Task7.V13.Test", "Tyuiu.GutsuAV.Sprint4.Task7.V13.Test\Tyuiu.GutsuAV.Sprint4.Task7.V13.Test.csproj", "{C512E305-3913-4BD5-9750-01BC815AD7A7}"
EndProject
Global
	GlobalSection(SolutionConfigurationPlatforms) = preSolution
		Debug|Any CPU = Debug|Any CPU
		Release|Any CPU = Release|Any CPU
	EndGlobalSection
	GlobalSection(ProjectConfigurationPlatforms) = postSolution
		{B9C06F22-C23B-4E74-AFBA-62D1E4E64088}.Debug|Any CPU.ActiveCfg = Debug|Any CPU
		{B9C06F22-C23B-4E74-AFBA-62D1E4E64088}.Debug|Any CPU.Build.0 = Debug|Any CPU
		{B9C06F22-C23B-4E74-AFBA-62D1E4E64088}.Release|Any CPU.ActiveCfg = Release|Any CPU
		{B9C06F22-C23B-4E74-AFBA-62D1E4E64088}.Release|Any CPU.Build.0 = Release|Any CPU
		{E02F84F9-B170-4764-9DA0-A4C3978007D1}.Debug|Any CPU.ActiveCfg = Debug|Any CPU
		{E02F84F9-B170-4764-9DA0-A4C3978007D1}.Debug|Any CPU.Build.0 = Debug|Any CPU
		{E02F84F9-B170-4764-9DA0-A4C3978007D1}.Release|Any CPU.ActiveCfg = Release|Any CPU
		{E02F84F9-B170-4764-9DA0-A4C3978007D1}.Release|Any CPU.Build.0 = Release|Any CPU
		{E5C1867E-993E-4D18-9BD0-E3BE36399FA9}.Debug|Any CPU.ActiveCfg = Debug|Any CPU
		{E5C1867E-993E-4D18-9BD0-E3BE36399FA9}.Debug|Any CPU.Build.0 = Debug|Any CPU
		{E5C1867E-993E-4D18-9BD0-E3BE36399FA9}.Release|Any CPU.ActiveCfg = Release|Any CPU
		{E5C1867E-993E-4D18-9BD0-E3BE36399FA9}.Release|Any CPU.Build.0 = Release|Any CPU
		{025F1C67-5769-4A95-87B8-D077A62DECCC}.Debug|Any CPU.ActiveCfg = Debug|Any CPU
		{025F1C67-5769-4A95-87B8-D077A62DECCC}.Debug|Any CPU.Build.0 = Debug|Any CPU
		{025F1C67-5769-4A95-87B8-D077A62DECCC}.Release|Any CPU.ActiveCfg = Release|Any CPU
		{025F1C67-5769-4A95-87B8-D077A62DECCC}.Release|Any CPU.Build.0 = Release|Any CPU
		{44DA35EB-7E57-471F-8602-BDD3C28D29B8}.Debug|Any CPU.ActiveCfg = Debug|Any CPU
		{44DA35EB-7E57-471F-8602-BDD3C28D29B8}.Debug|Any CPU.Build.0 = Debug|Any CPU
		{44DA35EB-7E57-471F-8602-BDD3C28D29B8}.Release|Any CPU.ActiveCfg = Release|Any CPU
		{44DA35EB-7E57-471F-8602-BDD3C28D29B8}.Release|Any CPU.Build.0 = Release|Any CPU
		{4674CC70-2FBB-46C9-AB7C-9575DA673687}.Debug|Any CPU.ActiveCfg = Debug|Any CPU
		{4674CC70-2FBB-46C9-AB7C-9575DA673687}.Debug|Any CPU.Build.0 = Debug|Any CPU
		{4674CC70-2FBB-46C9-AB7C-9575DA673687}.Release|Any CPU.ActiveCfg = Release|Any CPU
		{4674CC70-2FBB-46C9-AB7C-9575DA673687}.Release|Any CPU.Build.0 = Release|Any CPU
		{E523D0D9-737F-4162-9760-8D8D7A3784FE}.Debug|Any CPU.ActiveCfg = Debug|Any CPU
		{E523D0D9-737F-4162-9760-8D8D7A3784FE}.Debug|Any CPU.Build.0 = Debug|Any CPU
		{E523D0D9-737F-4162-9760-8D8D7A3784FE}.Release|Any CPU.ActiveCfg = Release|Any CPU
		{E523D0D9-737F-4162-9760-8D8D7A3784FE}.Release|Any CPU.Build.0 = Release|Any CPU
		{7435C407-1CA5-4B94-8169-99923BE6E5C8}.Debug|Any CPU.ActiveCfg = Debug|Any CPU
		{7435C407-1CA5-4B94-8169-99923BE6E5C8}.Debug|Any CPU.Build.0 = Debug|Any CPU
		{7435C407-1CA5-4B94-8169-99923BE6E5C8}.Release|Any CPU.ActiveCfg = Release|Any CPU
		{7435C407-1CA5-4B94-8169-99923BE6E5C8}.Release|Any CPU.Build.0 = Release|Any CPU
		{6EE3A764-20BB-41B0-A6E3-EDAD82296248}.Debug|Any CPU.ActiveCfg = Debug|Any CPU
		{6EE3A764-20BB-41B0-A6E3-EDAD82296248}.Debug|Any CPU.Build.0 = Debug|Any CPU
		{6EE3A764-20BB-41B0-A6E3-EDAD82296248}.Release|Any CPU.ActiveCfg = Release|Any CPU
		{6EE3A764-20BB-41B0-A6E3-EDAD82296248}.Release|Any CPU.Build.0 = Release|Any CPU
		{94FD4FAA-8A26-4080-9215-3A742948B7D1}.Debug|Any CPU.ActiveCfg = Debug|Any CPU
		{94FD4FAA-8A26-4080-9215-3A742948B7D1}.Debug|Any CPU.Build.0 = Debug|Any CPU
		{94FD4FAA-8A26-4080-9215-3A742948B7D1}.Release|Any CPU.ActiveCfg = Release|Any CPU
		{94FD4FAA-8A26-4080-9215-3A742948B7D1}.Release|Any CPU.Build.0 = Release|Any CPU
		{F7A719B7-39D9-43F7-93F5-F357F38DC773}.Debug|Any CPU.ActiveCfg = Debug|Any CPU
		{F7A719B7-39D9-43F7-93F5-F357F38DC773}.Debug|Any CPU.Build.0 = Debug|Any CPU
		{F7A719B7-39D9-43F7-93F5-F357F38DC773}.Release|Any CPU.ActiveCfg = Release|Any CPU
		{F7A719B7-39D9-43F7-93F5-F357F38DC773}.Release|Any CPU.Build.0 = Release|Any CPU
		{C512E305-3913-4BD5-9750-01BC815AD7A7}.Debug|Any CPU.ActiveCfg = Debug|Any CPU
		{C512E305-3913-4BD5-9750-01BC815AD7A7}.Debug|Any CPU.Build.0 = Debug|Any CPU
		{C512E305-3913-4BD5-9750-01BC815AD7A7}.Release|Any CPU.ActiveCfg = Release|Any CPU
		{C512E305-3913-4BD5-9750-01BC815AD7A7}.Release|Any CPU.Build.0 = Release|Any CPU
	EndGlobalSection
	GlobalSection(SolutionProperties) = preSolution
		HideSolutionNode = FALSE
	EndGlobalSection
	GlobalSection(NestedProjects) = preSolution
		{B9C06F22-C23B-4E74-AFBA-62D1E4E64088} = {D74730FF-5B07-4F58-BF48-75B7983C977B}
		{E02F84F9-B170-4764-9DA0-A4C3978007D1} = {D74730FF-5B07-4F58-BF48-75B7983C977B}
		{E5C1867E-993E-4D18-9BD0-E3BE36399FA9} = {D74730FF-5B07-4F58-BF48-75B7983C977B}
		{025F1C67-5769-4A95-87B8-D077A62DECCC} = {44A9B595-921C-427E-84DB-09E89227BB22}
		{44DA35EB-7E57-471F-8602-BDD3C28D29B8} = {44A9B595-921C-427E-84DB-09E89227BB22}
		{4674CC70-2FBB-46C9-AB7C-9575DA673687} = {44A9B595-921C-427E-84DB-09E89227BB22}
		{E523D0D9-737F-4162-9760-8D8D7A3784FE} = {828DB4C5-38B3-49A4-A834-395CDCE19916}
		{7435C407-1CA5-4B94-8169-99923BE6E5C8} = {828DB4C5-38B3-49A4-A834-395CDCE19916}
		{6EE3A764-20BB-41B0-A6E3-EDAD82296248} = {828DB4C5-38B3-49A4-A834-395CDCE19916}
		{94FD4FAA-8A26-4080-9215-3A742948B7D1} = {43408DB3-1C24-4852-A626-2FC1B8F2B20D}
		{F7A719B7-39D9-43F7-93F5-F357F38DC773} = {43408DB3-1C24-4852-A626-2FC1B8F2B20D}
		{C512E305-3913-4BD5-9750-01BC815AD7A7} = {43408DB3-1C24-4852-A626-2FC1B8F2B20D}
	EndGlobalSection
	GlobalSection(ExtensibilityGlobals) = postSolution
		SolutionGuid = {30DFCDE4-6E8E-461E-8120-D05548D4F274}
	EndGlobalSection
EndGlobal
