
Microsoft Visual Studio Solution File, Format Version 12.00
# Visual Studio Version 16
VisualStudioVersion = 16.0.33927.289
MinimumVisualStudioVersion = 10.0.40219.1
Project("{2150E333-8FDC-42A3-9474-1A3956D46DE8}") = "Task4", "Task4", "{D74730FF-5B07-4F58-BF48-75B7983C977B}"
EndProject
Project("{FAE04EC0-301F-11D3-BF4B-00C04F79EFBC}") = "Tyuiu.GutsuAV.Sprint4.Task4.V20", "Tyuiu.GutsuAV.Sprint4.Task4.V20\Tyuiu.GutsuAV.Sprint4.Task4.V20.csproj", "{B9C06F22-C23B-4E74-AFBA-62D1E4E64088}"
EndProject
Project("{FAE04EC0-301F-11D3-BF4B-00C04F79EFBC}") = "Tyuiu.GutsuAV.Sprint4.Task4.V20.Lib", "Tyuiu.GutsuAV.Sprint4.Task4.V20.Lib\Tyuiu.GutsuAV.Sprint4.Task4.V20.Lib.csproj", "{E02F84F9-B170-4764-9DA0-A4C3978007D1}"
EndProject
Project("{FAE04EC0-301F-11D3-BF4B-00C04F79EFBC}") = "Tyuiu.GutsuAV.Sprint4.Task4.V20.Test", "Tyuiu.GutsuAV.Sprint4.Task4.V20.Test\Tyuiu.GutsuAV.Sprint4.Task4.V20.Test.csproj", "{E5C1867E-993E-4D18-9BD0-E3BE36399FA9}"
EndProject
Project("{2150E333-8FDC-42A3-9474-1A3956D46DE8}") = "Task5", "Task5", "{44A9B595-921C-427E-84DB-09E89227BB22}"
EndProject
Project("{FAE04EC0-301F-11D3-BF4B-00C04F79EFBC}") = "Tyuiu.GutsuAV.Sprint4.Task5.V1", "Tyuiu.GutsuAV.Sprint4.Task5.V1\Tyuiu.GutsuAV.Sprint4.Task5.V1.csproj", "{025F1C67-5769-4A95-87B8-D077A62DECCC}"
EndProject
Project("{FAE04EC0-301F-11D3-BF4B-00C04F79EFBC}") = "Tyuiu.GutsuAV.Sprint4.Task5.V1.Lib", "Tyuiu.GutsuAV.Sprint4.Task5.V1.Lib\Tyuiu.GutsuAV.Sprint4.Task5.V1.Lib.csproj", "{44DA35EB-7E57-471F-8602-BDD3C28D29B8}"
EndProject
Project("{FAE04EC0-301F-11D3-BF4B-00C04F79EFBC}") = "Tyuiu.GutsuAV.Sprint4.Task5.V1.Test1", "Tyuiu.GutsuAV.Sprint4.Task5.V1.Test1\Tyuiu.GutsuAV.Sprint4.Task5.V1.Test1.csproj", "{4674CC70-2FBB-46C9-AB7C-9575DA673687}"
EndProject
Project("{2150E333-8FDC-42A3-9474-1A3956D46DE8}") = "Task6", "Task6", "{828DB4C5-38B3-49A4-A834-395CDCE19916}"
EndProject
Project("{FAE04EC0-301F-11D3-BF4B-00C04F79EFBC}") = "Tyuiu.GutsuAV.Sprint4.Task6.V28", "Tyuiu.GutsuAV.Sprint4.Task6.V28\Tyuiu.GutsuAV.Sprint4.Task6.V28.csproj", "{E523D0D9-737F-4162-9760-8D8D7A3784FE}"
EndProject
Project("{FAE04EC0-301F-11D3-BF4B-00C04F79EFBC}") = "Tyuiu.GutsuAV.Sprint4.Task6.V28.Lib", "Tyuiu.GutsuAV.Sprint4.Task6.V28.Lib\Tyuiu.GutsuAV.Sprint4.Task6.V28.Lib.csproj", "{7435C407-1CA5-4B94-8169-99923BE6E5C8}"
EndProject
Project("{FAE04EC0-301F-11D3-BF4B-00C04F79EFBC}") = "Tyuiu.GutsuAV.Sprint4.Task6.V28.Test", "Tyuiu.GutsuAV.Sprint4.Task6.V28.Test\Tyuiu.GutsuAV.Sprint4.Task6.V28.Test.csproj", "{6EE3A764-20BB-41B0-A6E3-EDAD82296248}"
EndProject
Project("{2150E333-8FDC-42A3-9474-1A3956D46DE8}") = "Task7", "Task7", "{43408DB3-1C24-4852-A626-2FC1B8F2B20D}"
EndProject
Project("{FAE04EC0-301F-11D3-BF4B-00C04F79EFBC}") = "Tyuiu.GutsuAV.Sprint4.Task7.V13", "Tyuiu.GutsuAV.Sprint4.Task7.V13\Tyuiu.GutsuAV.Sprint4.Task7.V13.csproj", "{94FD4FAA-8A26-4080-9215-3A742948B7D1}"
EndProject
Project("{FAE04EC0-301F-11D3-BF4B-00C04F79EFBC}") = "Tyuiu.GutsuAV.Sprint4.Task7.V13.Lib", "Tyuiu.GutsuAV.Sprint4.Task7.V13.Lib\Tyuiu.GutsuAV.Sprint4.Task7.V13.Lib.csproj", "{F7A719B7-39D9-43F7-93F5-F357F38DC773}"
EndProject
Project("{FAE04EC0-301F-11D3-BF4B-00C04F79EFBC}") = "Tyuiu.GutsuAV.Sprint4.Task7.V13.Test", "Tyuiu.GutsuAV.Sprint4.Task7.V13.Test\Tyuiu.GutsuAV.Sprint4.Task7.V13.Test.csproj", "{C512E305-3913-4BD5-9750-01BC815AD7A7}"
EndProject
Project("{2150E333-8FDC-42A3-9474-1A3956D46DE8}") = "data", "data", "{7784206B-FDB2-4AEB-87C4-759F75C8288D}"
EndProject
Project("{FAE04EC0-301F-11D3-BF4B-00C04F79EFBC}") = "ConsoleApp5", "ConsoleApp5\ConsoleApp5.csproj", "{AD461802-0415-49F0-B5F0-075E5CDB78CC}"
EndProject
Project("{2150E333-8FDC-42A3-9474-1A3956D46DE8}") = "Task0", "Task0", "{EFC9B928-38E8-4E67-AA8E-D3267601A093}"
EndProject
Project("{FAE04EC0-301F-11D3-BF4B-00C04F79EFBC}") = "Tyuiu.GutsuAV.Sprint4.Task0.V5", "Tyuiu.GutsuAV.Sprint4.Task0.V5\Tyuiu.GutsuAV.Sprint4.Task0.V5.csproj", "{89CFF54E-21EE-499A-877F-26A173419162}"
EndProject
Project("{FAE04EC0-301F-11D3-BF4B-00C04F79EFBC}") = "Tyuiu.GutsuAV.Sprint4.Task0.V5.Lib", "Tyuiu.GutsuAV.Sprint4.Task0.V5.Lib\Tyuiu.GutsuAV.Sprint4.Task0.V5.Lib.csproj", "{DFC1A8DE-C75A-4A85-B38F-3B378DEF868C}"
EndProject
Project("{FAE04EC0-301F-11D3-BF4B-00C04F79EFBC}") = "Tyuiu.GutsuAV.Sprint4.Task0.V5.Test", "Tyuiu.GutsuAV.Sprint4.Task0.V5.Test\Tyuiu.GutsuAV.Sprint4.Task0.V5.Test.csproj", "{952DFBCD-B74B-4CD0-8DEA-A2C3FD660794}"
EndProject
Project("{2150E333-8FDC-42A3-9474-1A3956D46DE8}") = "Task1", "Task1", "{DD4E8279-8B78-4DFD-845D-D80867906B42}"
EndProject
Project("{FAE04EC0-301F-11D3-BF4B-00C04F79EFBC}") = "Tyuiu.GutsuAV.Sprint4.Task1.V16", "Tyuiu.GutsuAV.Sprint4.Task1.V16\Tyuiu.GutsuAV.Sprint4.Task1.V16.csproj", "{9570D217-4E57-410A-AFBB-77F936C825F9}"
EndProject
Project("{FAE04EC0-301F-11D3-BF4B-00C04F79EFBC}") = "Tyuiu.GutsuAV.Sprint4.Task1.V16.Lib", "Tyuiu.GutsuAV.Sprint4.Task1.V16.Lib\Tyuiu.GutsuAV.Sprint4.Task1.V16.Lib.csproj", "{4970925C-8DF3-4D5D-9ABB-5D70AEEC4EAD}"
EndProject
Project("{FAE04EC0-301F-11D3-BF4B-00C04F79EFBC}") = "Tyuiu.GutsuAV.Sprint4.Task1.V16.Test", "Tyuiu.GutsuAV.Sprint4.Task1.V16.Test\Tyuiu.GutsuAV.Sprint4.Task1.V16.Test.csproj", "{29F6CB00-433A-438D-9BBF-BF7ECCE6E349}"
EndProject
Project("{2150E333-8FDC-42A3-9474-1A3956D46DE8}") = "Task2", "Task2", "{2A9FA43A-6FAB-4444-9611-AFA9175A1B0E}"
EndProject
Project("{FAE04EC0-301F-11D3-BF4B-00C04F79EFBC}") = "Tyuiu.GutsuAV.Sprint4.Task2.V5", "Tyuiu.GutsuAV.Sprint4.Task2.V5\Tyuiu.GutsuAV.Sprint4.Task2.V5.csproj", "{A71F8ED0-96A2-4C5B-9DA6-094B17A06617}"
EndProject
Project("{FAE04EC0-301F-11D3-BF4B-00C04F79EFBC}") = "Tyuiu.GutsuAV.Sprint4.Task2.V5.Lib", "Tyuiu.GutsuAV.Sprint4.Task2.V5.Lib\Tyuiu.GutsuAV.Sprint4.Task2.V5.Lib.csproj", "{E0AA5344-8200-497A-AC94-DB377BF2D946}"
EndProject
Project("{FAE04EC0-301F-11D3-BF4B-00C04F79EFBC}") = "Tyuiu.GutsuAV.Sprint4.Task2.V5.Test", "Tyuiu.GutsuAV.Sprint4.Task2.V5.Test\Tyuiu.GutsuAV.Sprint4.Task2.V5.Test.csproj", "{1BA347D1-AE98-4152-8610-371F01C14599}"
EndProject
Project("{2150E333-8FDC-42A3-9474-1A3956D46DE8}") = "Task3", "Task3", "{2F9904DD-6D98-4E7A-8274-9483841059C7}"
EndProject
Project("{FAE04EC0-301F-11D3-BF4B-00C04F79EFBC}") = "Tyuiu.GutsuAV.Sprint4.Task3.V1", "Tyuiu.GutsuAV.Sprint4.Task3.V1\Tyuiu.GutsuAV.Sprint4.Task3.V1.csproj", "{6533D74E-2A96-49DB-9444-52D7CDDAB3CB}"
EndProject
Project("{FAE04EC0-301F-11D3-BF4B-00C04F79EFBC}") = "Tyuiu.GutsuAV.Sprint4.Task3.V1.Lib", "Tyuiu.GutsuAV.Sprint4.Task3.V1.Lib\Tyuiu.GutsuAV.Sprint4.Task3.V1.Lib.csproj", "{A640993F-A53C-48F1-83AD-D4A3223AF3BE}"
EndProject
Project("{FAE04EC0-301F-11D3-BF4B-00C04F79EFBC}") = "Tyuiu.GutsuAV.Sprint4.Task3.V1.Test", "Tyuiu.GutsuAV.Sprint4.Task3.V1.Test\Tyuiu.GutsuAV.Sprint4.Task3.V1.Test.csproj", "{FF2A47AB-6B3C-4FA3-9889-491237F46C7E}"
EndProject
Global
	GlobalSection(SolutionConfigurationPlatforms) = preSolution
		Debug|Any CPU = Debug|Any CPU
		Release|Any CPU = Release|Any CPU
	EndGlobalSection
	GlobalSection(ProjectConfigurationPlatforms) = postSolution
		{B9C06F22-C23B-4E74-AFBA-62D1E4E64088}.Debug|Any CPU.ActiveCfg = Debug|Any CPU
		{B9C06F22-C23B-4E74-AFBA-62D1E4E64088}.Debug|Any CPU.Build.0 = Debug|Any CPU
		{B9C06F22-C23B-4E74-AFBA-62D1E4E64088}.Release|Any CPU.ActiveCfg = Release|Any CPU
		{B9C06F22-C23B-4E74-AFBA-62D1E4E64088}.Release|Any CPU.Build.0 = Release|Any CPU
		{E02F84F9-B170-4764-9DA0-A4C3978007D1}.Debug|Any CPU.ActiveCfg = Debug|Any CPU
		{E02F84F9-B170-4764-9DA0-A4C3978007D1}.Debug|Any CPU.Build.0 = Debug|Any CPU
		{E02F84F9-B170-4764-9DA0-A4C3978007D1}.Release|Any CPU.ActiveCfg = Release|Any CPU
		{E02F84F9-B170-4764-9DA0-A4C3978007D1}.Release|Any CPU.Build.0 = Release|Any CPU
		{E5C1867E-993E-4D18-9BD0-E3BE36399FA9}.Debug|Any CPU.ActiveCfg = Debug|Any CPU
		{E5C1867E-993E-4D18-9BD0-E3BE36399FA9}.Debug|Any CPU.Build.0 = Debug|Any CPU
		{E5C1867E-993E-4D18-9BD0-E3BE36399FA9}.Release|Any CPU.ActiveCfg = Release|Any CPU
		{E5C1867E-993E-4D18-9BD0-E3BE36399FA9}.Release|Any CPU.Build.0 = Release|Any CPU
		{025F1C67-5769-4A95-87B8-D077A62DECCC}.Debug|Any CPU.ActiveCfg = Debug|Any CPU
		{025F1C67-5769-4A95-87B8-D077A62DECCC}.Debug|Any CPU.Build.0 = Debug|Any CPU
		{025F1C67-5769-4A95-87B8-D077A62DECCC}.Release|Any CPU.ActiveCfg = Release|Any CPU
		{025F1C67-5769-4A95-87B8-D077A62DECCC}.Release|Any CPU.Build.0 = Release|Any CPU
		{44DA35EB-7E57-471F-8602-BDD3C28D29B8}.Debug|Any CPU.ActiveCfg = Debug|Any CPU
		{44DA35EB-7E57-471F-8602-BDD3C28D29B8}.Debug|Any CPU.Build.0 = Debug|Any CPU
		{44DA35EB-7E57-471F-8602-BDD3C28D29B8}.Release|Any CPU.ActiveCfg = Release|Any CPU
		{44DA35EB-7E57-471F-8602-BDD3C28D29B8}.Release|Any CPU.Build.0 = Release|Any CPU
		{4674CC70-2FBB-46C9-AB7C-9575DA673687}.Debug|Any CPU.ActiveCfg = Debug|Any CPU
		{4674CC70-2FBB-46C9-AB7C-9575DA673687}.Debug|Any CPU.Build.0 = Debug|Any CPU
		{4674CC70-2FBB-46C9-AB7C-9575DA673687}.Release|Any CPU.ActiveCfg = Release|Any CPU
		{4674CC70-2FBB-46C9-AB7C-9575DA673687}.Release|Any CPU.Build.0 = Release|Any CPU
		{E523D0D9-737F-4162-9760-8D8D7A3784FE}.Debug|Any CPU.ActiveCfg = Debug|Any CPU
		{E523D0D9-737F-4162-9760-8D8D7A3784FE}.Debug|Any CPU.Build.0 = Debug|Any CPU
		{E523D0D9-737F-4162-9760-8D8D7A3784FE}.Release|Any CPU.ActiveCfg = Release|Any CPU
		{E523D0D9-737F-4162-9760-8D8D7A3784FE}.Release|Any CPU.Build.0 = Release|Any CPU
		{7435C407-1CA5-4B94-8169-99923BE6E5C8}.Debug|Any CPU.ActiveCfg = Debug|Any CPU
		{7435C407-1CA5-4B94-8169-99923BE6E5C8}.Debug|Any CPU.Build.0 = Debug|Any CPU
		{7435C407-1CA5-4B94-8169-99923BE6E5C8}.Release|Any CPU.ActiveCfg = Release|Any CPU
		{7435C407-1CA5-4B94-8169-99923BE6E5C8}.Release|Any CPU.Build.0 = Release|Any CPU
		{6EE3A764-20BB-41B0-A6E3-EDAD82296248}.Debug|Any CPU.ActiveCfg = Debug|Any CPU
		{6EE3A764-20BB-41B0-A6E3-EDAD82296248}.Debug|Any CPU.Build.0 = Debug|Any CPU
		{6EE3A764-20BB-41B0-A6E3-EDAD82296248}.Release|Any CPU.ActiveCfg = Release|Any CPU
		{6EE3A764-20BB-41B0-A6E3-EDAD82296248}.Release|Any CPU.Build.0 = Release|Any CPU
		{94FD4FAA-8A26-4080-9215-3A742948B7D1}.Debug|Any CPU.ActiveCfg = Debug|Any CPU
		{94FD4FAA-8A26-4080-9215-3A742948B7D1}.Debug|Any CPU.Build.0 = Debug|Any CPU
		{94FD4FAA-8A26-4080-9215-3A742948B7D1}.Release|Any CPU.ActiveCfg = Release|Any CPU
		{94FD4FAA-8A26-4080-9215-3A742948B7D1}.Release|Any CPU.Build.0 = Release|Any CPU
		{F7A719B7-39D9-43F7-93F5-F357F38DC773}.Debug|Any CPU.ActiveCfg = Debug|Any CPU
		{F7A719B7-39D9-43F7-93F5-F357F38DC773}.Debug|Any CPU.Build.0 = Debug|Any CPU
		{F7A719B7-39D9-43F7-93F5-F357F38DC773}.Release|Any CPU.ActiveCfg = Release|Any CPU
		{F7A719B7-39D9-43F7-93F5-F357F38DC773}.Release|Any CPU.Build.0 = Release|Any CPU
		{C512E305-3913-4BD5-9750-01BC815AD7A7}.Debug|Any CPU.ActiveCfg = Debug|Any CPU
		{C512E305-3913-4BD5-9750-01BC815AD7A7}.Debug|Any CPU.Build.0 = Debug|Any CPU
		{C512E305-3913-4BD5-9750-01BC815AD7A7}.Release|Any CPU.ActiveCfg = Release|Any CPU
		{C512E305-3913-4BD5-9750-01BC815AD7A7}.Release|Any CPU.Build.0 = Release|Any CPU
		{AD461802-0415-49F0-B5F0-075E5CDB78CC}.Debug|Any CPU.ActiveCfg = Debug|Any CPU
		{AD461802-0415-49F0-B5F0-075E5CDB78CC}.Debug|Any CPU.Build.0 = Debug|Any CPU
		{AD461802-0415-49F0-B5F0-075E5CDB78CC}.Release|Any CPU.ActiveCfg = Release|Any CPU
		{AD461802-0415-49F0-B5F0-075E5CDB78CC}.Release|Any CPU.Build.0 = Release|Any CPU
		{89CFF54E-21EE-499A-877F-26A173419162}.Debug|Any CPU.ActiveCfg = Debug|Any CPU
		{89CFF54E-21EE-499A-877F-26A173419162}.Debug|Any CPU.Build.0 = Debug|Any CPU
		{89CFF54E-21EE-499A-877F-26A173419162}.Release|Any CPU.ActiveCfg = Release|Any CPU
		{89CFF54E-21EE-499A-877F-26A173419162}.Release|Any CPU.Build.0 = Release|Any CPU
		{DFC1A8DE-C75A-4A85-B38F-3B378DEF868C}.Debug|Any CPU.ActiveCfg = Debug|Any CPU
		{DFC1A8DE-C75A-4A85-B38F-3B378DEF868C}.Debug|Any CPU.Build.0 = Debug|Any CPU
		{DFC1A8DE-C75A-4A85-B38F-3B378DEF868C}.Release|Any CPU.ActiveCfg = Release|Any CPU
		{DFC1A8DE-C75A-4A85-B38F-3B378DEF868C}.Release|Any CPU.Build.0 = Release|Any CPU
		{952DFBCD-B74B-4CD0-8DEA-A2C3FD660794}.Debug|Any CPU.ActiveCfg = Debug|Any CPU
		{952DFBCD-B74B-4CD0-8DEA-A2C3FD660794}.Debug|Any CPU.Build.0 = Debug|Any CPU
		{952DFBCD-B74B-4CD0-8DEA-A2C3FD660794}.Release|Any CPU.ActiveCfg = Release|Any CPU
		{952DFBCD-B74B-4CD0-8DEA-A2C3FD660794}.Release|Any CPU.Build.0 = Release|Any CPU
		{9570D217-4E57-410A-AFBB-77F936C825F9}.Debug|Any CPU.ActiveCfg = Debug|Any CPU
		{9570D217-4E57-410A-AFBB-77F936C825F9}.Debug|Any CPU.Build.0 = Debug|Any CPU
		{9570D217-4E57-410A-AFBB-77F936C825F9}.Release|Any CPU.ActiveCfg = Release|Any CPU
		{9570D217-4E57-410A-AFBB-77F936C825F9}.Release|Any CPU.Build.0 = Release|Any CPU
		{4970925C-8DF3-4D5D-9ABB-5D70AEEC4EAD}.Debug|Any CPU.ActiveCfg = Debug|Any CPU
		{4970925C-8DF3-4D5D-9ABB-5D70AEEC4EAD}.Debug|Any CPU.Build.0 = Debug|Any CPU
		{4970925C-8DF3-4D5D-9ABB-5D70AEEC4EAD}.Release|Any CPU.ActiveCfg = Release|Any CPU
		{4970925C-8DF3-4D5D-9ABB-5D70AEEC4EAD}.Release|Any CPU.Build.0 = Release|Any CPU
		{29F6CB00-433A-438D-9BBF-BF7ECCE6E349}.Debug|Any CPU.ActiveCfg = Debug|Any CPU
		{29F6CB00-433A-438D-9BBF-BF7ECCE6E349}.Debug|Any CPU.Build.0 = Debug|Any CPU
		{29F6CB00-433A-438D-9BBF-BF7ECCE6E349}.Release|Any CPU.ActiveCfg = Release|Any CPU
		{29F6CB00-433A-438D-9BBF-BF7ECCE6E349}.Release|Any CPU.Build.0 = Release|Any CPU
		{A71F8ED0-96A2-4C5B-9DA6-094B17A06617}.Debug|Any CPU.ActiveCfg = Debug|Any CPU
		{A71F8ED0-96A2-4C5B-9DA6-094B17A06617}.Debug|Any CPU.Build.0 = Debug|Any CPU
		{A71F8ED0-96A2-4C5B-9DA6-094B17A06617}.Release|Any CPU.ActiveCfg = Release|Any CPU
		{A71F8ED0-96A2-4C5B-9DA6-094B17A06617}.Release|Any CPU.Build.0 = Release|Any CPU
		{E0AA5344-8200-497A-AC94-DB377BF2D946}.Debug|Any CPU.ActiveCfg = Debug|Any CPU
		{E0AA5344-8200-497A-AC94-DB377BF2D946}.Debug|Any CPU.Build.0 = Debug|Any CPU
		{E0AA5344-8200-497A-AC94-DB377BF2D946}.Release|Any CPU.ActiveCfg = Release|Any CPU
		{E0AA5344-8200-497A-AC94-DB377BF2D946}.Release|Any CPU.Build.0 = Release|Any CPU
		{1BA347D1-AE98-4152-8610-371F01C14599}.Debug|Any CPU.ActiveCfg = Debug|Any CPU
		{1BA347D1-AE98-4152-8610-371F01C14599}.Debug|Any CPU.Build.0 = Debug|Any CPU
		{1BA347D1-AE98-4152-8610-371F01C14599}.Release|Any CPU.ActiveCfg = Release|Any CPU
		{1BA347D1-AE98-4152-8610-371F01C14599}.Release|Any CPU.Build.0 = Release|Any CPU
		{6533D74E-2A96-49DB-9444-52D7CDDAB3CB}.Debug|Any CPU.ActiveCfg = Debug|Any CPU
		{6533D74E-2A96-49DB-9444-52D7CDDAB3CB}.Debug|Any CPU.Build.0 = Debug|Any CPU
		{6533D74E-2A96-49DB-9444-52D7CDDAB3CB}.Release|Any CPU.ActiveCfg = Release|Any CPU
		{6533D74E-2A96-49DB-9444-52D7CDDAB3CB}.Release|Any CPU.Build.0 = Release|Any CPU
		{A640993F-A53C-48F1-83AD-D4A3223AF3BE}.Debug|Any CPU.ActiveCfg = Debug|Any CPU
		{A640993F-A53C-48F1-83AD-D4A3223AF3BE}.Debug|Any CPU.Build.0 = Debug|Any CPU
		{A640993F-A53C-48F1-83AD-D4A3223AF3BE}.Release|Any CPU.ActiveCfg = Release|Any CPU
		{A640993F-A53C-48F1-83AD-D4A3223AF3BE}.Release|Any CPU.Build.0 = Release|Any CPU
		{FF2A47AB-6B3C-4FA3-9889-491237F46C7E}.Debug|Any CPU.ActiveCfg = Debug|Any CPU
		{FF2A47AB-6B3C-4FA3-9889-491237F46C7E}.Debug|Any CPU.Build.0 = Debug|Any CPU
		{FF2A47AB-6B3C-4FA3-9889-491237F46C7E}.Release|Any CPU.ActiveCfg = Release|Any CPU
		{FF2A47AB-6B3C-4FA3-9889-491237F46C7E}.Release|Any CPU.Build.0 = Release|Any CPU
	EndGlobalSection
	GlobalSection(SolutionProperties) = preSolution
		HideSolutionNode = FALSE
	EndGlobalSection
	GlobalSection(NestedProjects) = preSolution
		{B9C06F22-C23B-4E74-AFBA-62D1E4E64088} = {D74730FF-5B07-4F58-BF48-75B7983C977B}
		{E02F84F9-B170-4764-9DA0-A4C3978007D1} = {D74730FF-5B07-4F58-BF48-75B7983C977B}
		{E5C1867E-993E-4D18-9BD0-E3BE36399FA9} = {D74730FF-5B07-4F58-BF48-75B7983C977B}
		{025F1C67-5769-4A95-87B8-D077A62DECCC} = {44A9B595-921C-427E-84DB-09E89227BB22}
		{44DA35EB-7E57-471F-8602-BDD3C28D29B8} = {44A9B595-921C-427E-84DB-09E89227BB22}
		{4674CC70-2FBB-46C9-AB7C-9575DA673687} = {44A9B595-921C-427E-84DB-09E89227BB22}
		{E523D0D9-737F-4162-9760-8D8D7A3784FE} = {828DB4C5-38B3-49A4-A834-395CDCE19916}
		{7435C407-1CA5-4B94-8169-99923BE6E5C8} = {828DB4C5-38B3-49A4-A834-395CDCE19916}
		{6EE3A764-20BB-41B0-A6E3-EDAD82296248} = {828DB4C5-38B3-49A4-A834-395CDCE19916}
		{94FD4FAA-8A26-4080-9215-3A742948B7D1} = {43408DB3-1C24-4852-A626-2FC1B8F2B20D}
		{F7A719B7-39D9-43F7-93F5-F357F38DC773} = {43408DB3-1C24-4852-A626-2FC1B8F2B20D}
		{C512E305-3913-4BD5-9750-01BC815AD7A7} = {43408DB3-1C24-4852-A626-2FC1B8F2B20D}
		{AD461802-0415-49F0-B5F0-075E5CDB78CC} = {7784206B-FDB2-4AEB-87C4-759F75C8288D}
		{89CFF54E-21EE-499A-877F-26A173419162} = {EFC9B928-38E8-4E67-AA8E-D3267601A093}
		{DFC1A8DE-C75A-4A85-B38F-3B378DEF868C} = {EFC9B928-38E8-4E67-AA8E-D3267601A093}
		{952DFBCD-B74B-4CD0-8DEA-A2C3FD660794} = {EFC9B928-38E8-4E67-AA8E-D3267601A093}
		{9570D217-4E57-410A-AFBB-77F936C825F9} = {DD4E8279-8B78-4DFD-845D-D80867906B42}
		{4970925C-8DF3-4D5D-9ABB-5D70AEEC4EAD} = {DD4E8279-8B78-4DFD-845D-D80867906B42}
		{29F6CB00-433A-438D-9BBF-BF7ECCE6E349} = {DD4E8279-8B78-4DFD-845D-D80867906B42}
		{A71F8ED0-96A2-4C5B-9DA6-094B17A06617} = {2A9FA43A-6FAB-4444-9611-AFA9175A1B0E}
		{E0AA5344-8200-497A-AC94-DB377BF2D946} = {2A9FA43A-6FAB-4444-9611-AFA9175A1B0E}
		{1BA347D1-AE98-4152-8610-371F01C14599} = {2A9FA43A-6FAB-4444-9611-AFA9175A1B0E}
		{6533D74E-2A96-49DB-9444-52D7CDDAB3CB} = {2F9904DD-6D98-4E7A-8274-9483841059C7}
		{A640993F-A53C-48F1-83AD-D4A3223AF3BE} = {2F9904DD-6D98-4E7A-8274-9483841059C7}
		{FF2A47AB-6B3C-4FA3-9889-491237F46C7E} = {2F9904DD-6D98-4E7A-8274-9483841059C7}
	EndGlobalSection
	GlobalSection(ExtensibilityGlobals) = postSolution
		SolutionGuid = {30DFCDE4-6E8E-461E-8120-D05548D4F274}
	EndGlobalSection
EndGlobal
